
Microsoft Visual Studio Solution File, Format Version 12.00
# Visual Studio Version 17
VisualStudioVersion = 17.4.33110.190
MinimumVisualStudioVersion = 10.0.40219.1
Project("{FAE04EC0-301F-11D3-BF4B-00C04F79EFBC}") = "RestApiForMovies", "RestApiForMovies\RestApiForMovies.csproj", "{8AB1E6EE-A232-4265-A429-62649F0B0BFE}"
EndProject
Global
	GlobalSection(SolutionConfigurationPlatforms) = preSolution
		Debug|Any CPU = Debug|Any CPU
		Release|Any CPU = Release|Any CPU
	EndGlobalSection
	GlobalSection(ProjectConfigurationPlatforms) = postSolution
		{8AB1E6EE-A232-4265-A429-62649F0B0BFE}.Debug|Any CPU.ActiveCfg = Debug|Any CPU
		{8AB1E6EE-A232-4265-A429-62649F0B0BFE}.Debug|Any CPU.Build.0 = Debug|Any CPU
		{8AB1E6EE-A232-4265-A429-62649F0B0BFE}.Release|Any CPU.ActiveCfg = Release|Any CPU
		{8AB1E6EE-A232-4265-A429-62649F0B0BFE}.Release|Any CPU.Build.0 = Release|Any CPU
	EndGlobalSection
	GlobalSection(SolutionProperties) = preSolution
		HideSolutionNode = FALSE
	EndGlobalSection
	GlobalSection(ExtensibilityGlobals) = postSolution
		SolutionGuid = {99C5940A-41C5-4E66-8666-9F1F94F33FCC}
	EndGlobalSection
EndGlobal
